// !$*UTF8*$!
{
	archiveVersion = 1;
	classes = {
	};
	objectVersion = 55;
	objects = {

/* Begin PBXBuildFile section */
		9797866D2A044D6F0096AB4C /* HabitsTableViewController.swift in Sources */ = {isa = PBXBuildFile; fileRef = 9797866B2A044D6F0096AB4C /* HabitsTableViewController.swift */; };
		9797866E2A044D6F0096AB4C /* HabitsTableViewController.xib in Resources */ = {isa = PBXBuildFile; fileRef = 9797866C2A044D6F0096AB4C /* HabitsTableViewController.xib */; };
		979786712A044DD20096AB4C /* UIViewControllerExtensions.swift in Sources */ = {isa = PBXBuildFile; fileRef = 979786702A044DD20096AB4C /* UIViewControllerExtensions.swift */; };
		979786732A04556F0096AB4C /* Habit.swift in Sources */ = {isa = PBXBuildFile; fileRef = 979786722A04556F0096AB4C /* Habit.swift */; };
		979786752A0456B20096AB4C /* DateExtensions.swift in Sources */ = {isa = PBXBuildFile; fileRef = 979786742A0456B20096AB4C /* DateExtensions.swift */; };
		9797867A2A045AF20096AB4C /* HabitTableViewCell.swift in Sources */ = {isa = PBXBuildFile; fileRef = 979786782A045AF20096AB4C /* HabitTableViewCell.swift */; };
		9797867B2A045AF20096AB4C /* HabitTableViewCell.xib in Resources */ = {isa = PBXBuildFile; fileRef = 979786792A045AF20096AB4C /* HabitTableViewCell.xib */; };
		9797867D2A070B150096AB4C /* PersistenceLayer.swift in Sources */ = {isa = PBXBuildFile; fileRef = 9797867C2A070B150096AB4C /* PersistenceLayer.swift */; };
		9797867F2A0885DE0096AB4C /* TableViewCell.swift in Sources */ = {isa = PBXBuildFile; fileRef = 9797867E2A0885DE0096AB4C /* TableViewCell.swift */; };
		979786822A08863F0096AB4C /* AddHabitViewController.swift in Sources */ = {isa = PBXBuildFile; fileRef = 979786802A08863F0096AB4C /* AddHabitViewController.swift */; };
		979786832A08863F0096AB4C /* AddHabitViewController.xib in Resources */ = {isa = PBXBuildFile; fileRef = 979786812A08863F0096AB4C /* AddHabitViewController.xib */; };
		979786862A08885C0096AB4C /* HabitImageCollectionViewCell.swift in Sources */ = {isa = PBXBuildFile; fileRef = 979786842A08885C0096AB4C /* HabitImageCollectionViewCell.swift */; };
		979786872A08885C0096AB4C /* HabitImageCollectionViewCell.xib in Resources */ = {isa = PBXBuildFile; fileRef = 979786852A08885C0096AB4C /* HabitImageCollectionViewCell.xib */; };
		9797868A2A08915D0096AB4C /* ConfirmHabitViewController.swift in Sources */ = {isa = PBXBuildFile; fileRef = 979786882A08915D0096AB4C /* ConfirmHabitViewController.swift */; };
		9797868B2A08915D0096AB4C /* ConfirmHabitViewController.xib in Resources */ = {isa = PBXBuildFile; fileRef = 979786892A08915D0096AB4C /* ConfirmHabitViewController.xib */; };
		979786902A0AD5C50096AB4C /* HabitDetailViewController.swift in Sources */ = {isa = PBXBuildFile; fileRef = 9797868E2A0AD5C50096AB4C /* HabitDetailViewController.swift */; };
		979786912A0AD5C50096AB4C /* HabitDetailViewController.xib in Resources */ = {isa = PBXBuildFile; fileRef = 9797868F2A0AD5C50096AB4C /* HabitDetailViewController.xib */; };
		97A0B05229F88AF6000EB773 /* AppDelegate.swift in Sources */ = {isa = PBXBuildFile; fileRef = 97A0B05129F88AF6000EB773 /* AppDelegate.swift */; };
		97A0B05429F88AF6000EB773 /* SceneDelegate.swift in Sources */ = {isa = PBXBuildFile; fileRef = 97A0B05329F88AF6000EB773 /* SceneDelegate.swift */; };
		97A0B05B29F88AF7000EB773 /* Assets.xcassets in Resources */ = {isa = PBXBuildFile; fileRef = 97A0B05A29F88AF7000EB773 /* Assets.xcassets */; };
		97A0B05E29F88AF7000EB773 /* LaunchScreen.storyboard in Resources */ = {isa = PBXBuildFile; fileRef = 97A0B05C29F88AF7000EB773 /* LaunchScreen.storyboard */; };
/* End PBXBuildFile section */

/* Begin PBXFileReference section */
		9797866B2A044D6F0096AB4C /* HabitsTableViewController.swift */ = {isa = PBXFileReference; lastKnownFileType = sourcecode.swift; path = HabitsTableViewController.swift; sourceTree = "<group>"; };
		9797866C2A044D6F0096AB4C /* HabitsTableViewController.xib */ = {isa = PBXFileReference; lastKnownFileType = file.xib; path = HabitsTableViewController.xib; sourceTree = "<group>"; };
		979786702A044DD20096AB4C /* UIViewControllerExtensions.swift */ = {isa = PBXFileReference; lastKnownFileType = sourcecode.swift; path = UIViewControllerExtensions.swift; sourceTree = "<group>"; };
		979786722A04556F0096AB4C /* Habit.swift */ = {isa = PBXFileReference; lastKnownFileType = sourcecode.swift; path = Habit.swift; sourceTree = "<group>"; };
		979786742A0456B20096AB4C /* DateExtensions.swift */ = {isa = PBXFileReference; lastKnownFileType = sourcecode.swift; path = DateExtensions.swift; sourceTree = "<group>"; };
		979786782A045AF20096AB4C /* HabitTableViewCell.swift */ = {isa = PBXFileReference; lastKnownFileType = sourcecode.swift; path = HabitTableViewCell.swift; sourceTree = "<group>"; };
		979786792A045AF20096AB4C /* HabitTableViewCell.xib */ = {isa = PBXFileReference; lastKnownFileType = file.xib; path = HabitTableViewCell.xib; sourceTree = "<group>"; };
		9797867C2A070B150096AB4C /* PersistenceLayer.swift */ = {isa = PBXFileReference; lastKnownFileType = sourcecode.swift; path = PersistenceLayer.swift; sourceTree = "<group>"; };
		9797867E2A0885DE0096AB4C /* TableViewCell.swift */ = {isa = PBXFileReference; lastKnownFileType = sourcecode.swift; path = TableViewCell.swift; sourceTree = "<group>"; };
		979786802A08863F0096AB4C /* AddHabitViewController.swift */ = {isa = PBXFileReference; lastKnownFileType = sourcecode.swift; path = AddHabitViewController.swift; sourceTree = "<group>"; };
		979786812A08863F0096AB4C /* AddHabitViewController.xib */ = {isa = PBXFileReference; lastKnownFileType = file.xib; path = AddHabitViewController.xib; sourceTree = "<group>"; };
		979786842A08885C0096AB4C /* HabitImageCollectionViewCell.swift */ = {isa = PBXFileReference; lastKnownFileType = sourcecode.swift; path = HabitImageCollectionViewCell.swift; sourceTree = "<group>"; };
		979786852A08885C0096AB4C /* HabitImageCollectionViewCell.xib */ = {isa = PBXFileReference; lastKnownFileType = file.xib; path = HabitImageCollectionViewCell.xib; sourceTree = "<group>"; };
		979786882A08915D0096AB4C /* ConfirmHabitViewController.swift */ = {isa = PBXFileReference; lastKnownFileType = sourcecode.swift; path = ConfirmHabitViewController.swift; sourceTree = "<group>"; };
		979786892A08915D0096AB4C /* ConfirmHabitViewController.xib */ = {isa = PBXFileReference; lastKnownFileType = file.xib; path = ConfirmHabitViewController.xib; sourceTree = "<group>"; };
		9797868E2A0AD5C50096AB4C /* HabitDetailViewController.swift */ = {isa = PBXFileReference; lastKnownFileType = sourcecode.swift; path = HabitDetailViewController.swift; sourceTree = "<group>"; };
		9797868F2A0AD5C50096AB4C /* HabitDetailViewController.xib */ = {isa = PBXFileReference; lastKnownFileType = file.xib; path = HabitDetailViewController.xib; sourceTree = "<group>"; };
		97A0B04E29F88AF6000EB773 /* Habitual.app */ = {isa = PBXFileReference; explicitFileType = wrapper.application; includeInIndex = 0; path = Habitual.app; sourceTree = BUILT_PRODUCTS_DIR; };
		97A0B05129F88AF6000EB773 /* AppDelegate.swift */ = {isa = PBXFileReference; lastKnownFileType = sourcecode.swift; path = AppDelegate.swift; sourceTree = "<group>"; };
		97A0B05329F88AF6000EB773 /* SceneDelegate.swift */ = {isa = PBXFileReference; lastKnownFileType = sourcecode.swift; path = SceneDelegate.swift; sourceTree = "<group>"; };
		97A0B05A29F88AF7000EB773 /* Assets.xcassets */ = {isa = PBXFileReference; lastKnownFileType = folder.assetcatalog; path = Assets.xcassets; sourceTree = "<group>"; };
		97A0B05D29F88AF7000EB773 /* Base */ = {isa = PBXFileReference; lastKnownFileType = file.storyboard; name = Base; path = Base.lproj/LaunchScreen.storyboard; sourceTree = "<group>"; };
		97A0B05F29F88AF7000EB773 /* Info.plist */ = {isa = PBXFileReference; lastKnownFileType = text.plist.xml; path = Info.plist; sourceTree = "<group>"; };
/* End PBXFileReference section */

/* Begin PBXFrameworksBuildPhase section */
		97A0B04B29F88AF6000EB773 /* Frameworks */ = {
			isa = PBXFrameworksBuildPhase;
			buildActionMask = 2147483647;
			files = (
			);
			runOnlyForDeploymentPostprocessing = 0;
		};
/* End PBXFrameworksBuildPhase section */

/* Begin PBXGroup section */
		9797866F2A044D750096AB4C /* Views */ = {
			isa = PBXGroup;
			children = (
				979786742A0456B20096AB4C /* DateExtensions.swift */,
				979786722A04556F0096AB4C /* Habit.swift */,
				9797866B2A044D6F0096AB4C /* HabitsTableViewController.swift */,
				979786842A08885C0096AB4C /* HabitImageCollectionViewCell.swift */,
				979786882A08915D0096AB4C /* ConfirmHabitViewController.swift */,
				979786892A08915D0096AB4C /* ConfirmHabitViewController.xib */,
				9797868E2A0AD5C50096AB4C /* HabitDetailViewController.swift */,
				9797868F2A0AD5C50096AB4C /* HabitDetailViewController.xib */,
				979786852A08885C0096AB4C /* HabitImageCollectionViewCell.xib */,
				9797867E2A0885DE0096AB4C /* TableViewCell.swift */,
				979786802A08863F0096AB4C /* AddHabitViewController.swift */,
				979786812A08863F0096AB4C /* AddHabitViewController.xib */,
				979786782A045AF20096AB4C /* HabitTableViewCell.swift */,
				979786792A045AF20096AB4C /* HabitTableViewCell.xib */,
				9797866C2A044D6F0096AB4C /* HabitsTableViewController.xib */,
			);
			path = Views;
			sourceTree = "<group>";
		};
		97A0B04529F88AF6000EB773 = {
			isa = PBXGroup;
			children = (
				97A0B05029F88AF6000EB773 /* Habitual */,
				97A0B04F29F88AF6000EB773 /* Products */,
			);
			sourceTree = "<group>";
		};
		97A0B04F29F88AF6000EB773 /* Products */ = {
			isa = PBXGroup;
			children = (
				97A0B04E29F88AF6000EB773 /* Habitual.app */,
			);
			name = Products;
			sourceTree = "<group>";
		};
		97A0B05029F88AF6000EB773 /* Habitual */ = {
			isa = PBXGroup;
			children = (
				97A0B05129F88AF6000EB773 /* AppDelegate.swift */,
				97A0B05329F88AF6000EB773 /* SceneDelegate.swift */,
				9797867C2A070B150096AB4C /* PersistenceLayer.swift */,
				9797866F2A044D750096AB4C /* Views */,
				97A0B05A29F88AF7000EB773 /* Assets.xcassets */,
				979786702A044DD20096AB4C /* UIViewControllerExtensions.swift */,
				97A0B05C29F88AF7000EB773 /* LaunchScreen.storyboard */,
				97A0B05F29F88AF7000EB773 /* Info.plist */,
			);
			path = Habitual;
			sourceTree = "<group>";
		};
/* End PBXGroup section */

/* Begin PBXNativeTarget section */
		97A0B04D29F88AF6000EB773 /* Habitual */ = {
			isa = PBXNativeTarget;
			buildConfigurationList = 97A0B06229F88AF7000EB773 /* Build configuration list for PBXNativeTarget "Habitual" */;
			buildPhases = (
				97A0B04A29F88AF6000EB773 /* Sources */,
				97A0B04B29F88AF6000EB773 /* Frameworks */,
				97A0B04C29F88AF6000EB773 /* Resources */,
			);
			buildRules = (
			);
			dependencies = (
			);
			name = Habitual;
			productName = Habitual;
			productReference = 97A0B04E29F88AF6000EB773 /* Habitual.app */;
			productType = "com.apple.product-type.application";
		};
/* End PBXNativeTarget section */

/* Begin PBXProject section */
		97A0B04629F88AF6000EB773 /* Project object */ = {
			isa = PBXProject;
			attributes = {
				BuildIndependentTargetsInParallel = 1;
				LastSwiftUpdateCheck = 1320;
				LastUpgradeCheck = 1320;
				TargetAttributes = {
					97A0B04D29F88AF6000EB773 = {
						CreatedOnToolsVersion = 13.2.1;
					};
				};
			};
			buildConfigurationList = 97A0B04929F88AF6000EB773 /* Build configuration list for PBXProject "Habitual" */;
			compatibilityVersion = "Xcode 13.0";
			developmentRegion = en;
			hasScannedForEncodings = 0;
			knownRegions = (
				en,
				Base,
			);
			mainGroup = 97A0B04529F88AF6000EB773;
			productRefGroup = 97A0B04F29F88AF6000EB773 /* Products */;
			projectDirPath = "";
			projectRoot = "";
			targets = (
				97A0B04D29F88AF6000EB773 /* Habitual */,
			);
		};
/* End PBXProject section */

/* Begin PBXResourcesBuildPhase section */
		97A0B04C29F88AF6000EB773 /* Resources */ = {
			isa = PBXResourcesBuildPhase;
			buildActionMask = 2147483647;
			files = (
				979786912A0AD5C50096AB4C /* HabitDetailViewController.xib in Resources */,
				97A0B05E29F88AF7000EB773 /* LaunchScreen.storyboard in Resources */,
				979786832A08863F0096AB4C /* AddHabitViewController.xib in Resources */,
				9797868B2A08915D0096AB4C /* ConfirmHabitViewController.xib in Resources */,
				9797866E2A044D6F0096AB4C /* HabitsTableViewController.xib in Resources */,
				9797867B2A045AF20096AB4C /* HabitTableViewCell.xib in Resources */,
				979786872A08885C0096AB4C /* HabitImageCollectionViewCell.xib in Resources */,
				97A0B05B29F88AF7000EB773 /* Assets.xcassets in Resources */,
			);
			runOnlyForDeploymentPostprocessing = 0;
		};
/* End PBXResourcesBuildPhase section */

/* Begin PBXSourcesBuildPhase section */
		97A0B04A29F88AF6000EB773 /* Sources */ = {
			isa = PBXSourcesBuildPhase;
			buildActionMask = 2147483647;
			files = (
				979786712A044DD20096AB4C /* UIViewControllerExtensions.swift in Sources */,
				979786732A04556F0096AB4C /* Habit.swift in Sources */,
				979786862A08885C0096AB4C /* HabitImageCollectionViewCell.swift in Sources */,
				97A0B05229F88AF6000EB773 /* AppDelegate.swift in Sources */,
				9797867F2A0885DE0096AB4C /* TableViewCell.swift in Sources */,
				9797867D2A070B150096AB4C /* PersistenceLayer.swift in Sources */,
				97A0B05429F88AF6000EB773 /* SceneDelegate.swift in Sources */,
				9797866D2A044D6F0096AB4C /* HabitsTableViewController.swift in Sources */,
				979786902A0AD5C50096AB4C /* HabitDetailViewController.swift in Sources */,
				9797868A2A08915D0096AB4C /* ConfirmHabitViewController.swift in Sources */,
				979786822A08863F0096AB4C /* AddHabitViewController.swift in Sources */,
				9797867A2A045AF20096AB4C /* HabitTableViewCell.swift in Sources */,
				979786752A0456B20096AB4C /* DateExtensions.swift in Sources */,
			);
			runOnlyForDeploymentPostprocessing = 0;
		};
/* End PBXSourcesBuildPhase section */

/* Begin PBXVariantGroup section */
		97A0B05C29F88AF7000EB773 /* LaunchScreen.storyboard */ = {
			isa = PBXVariantGroup;
			children = (
				97A0B05D29F88AF7000EB773 /* Base */,
			);
			name = LaunchScreen.storyboard;
			sourceTree = "<group>";
		};
/* End PBXVariantGroup section */

/* Begin XCBuildConfiguration section */
		97A0B06029F88AF7000EB773 /* Debug */ = {
			isa = XCBuildConfiguration;
			buildSettings = {
				ALWAYS_SEARCH_USER_PATHS = NO;
				CLANG_ANALYZER_NONNULL = YES;
				CLANG_ANALYZER_NUMBER_OBJECT_CONVERSION = YES_AGGRESSIVE;
				CLANG_CXX_LANGUAGE_STANDARD = "gnu++17";
				CLANG_CXX_LIBRARY = "libc++";
				CLANG_ENABLE_MODULES = YES;
				CLANG_ENABLE_OBJC_ARC = YES;
				CLANG_ENABLE_OBJC_WEAK = YES;
				CLANG_WARN_BLOCK_CAPTURE_AUTORELEASING = YES;
				CLANG_WARN_BOOL_CONVERSION = YES;
				CLANG_WARN_COMMA = YES;
				CLANG_WARN_CONSTANT_CONVERSION = YES;
				CLANG_WARN_DEPRECATED_OBJC_IMPLEMENTATIONS = YES;
				CLANG_WARN_DIRECT_OBJC_ISA_USAGE = YES_ERROR;
				CLANG_WARN_DOCUMENTATION_COMMENTS = YES;
				CLANG_WARN_EMPTY_BODY = YES;
				CLANG_WARN_ENUM_CONVERSION = YES;
				CLANG_WARN_INFINITE_RECURSION = YES;
				CLANG_WARN_INT_CONVERSION = YES;
				CLANG_WARN_NON_LITERAL_NULL_CONVERSION = YES;
				CLANG_WARN_OBJC_IMPLICIT_RETAIN_SELF = YES;
				CLANG_WARN_OBJC_LITERAL_CONVERSION = YES;
				CLANG_WARN_OBJC_ROOT_CLASS = YES_ERROR;
				CLANG_WARN_QUOTED_INCLUDE_IN_FRAMEWORK_HEADER = YES;
				CLANG_WARN_RANGE_LOOP_ANALYSIS = YES;
				CLANG_WARN_STRICT_PROTOTYPES = YES;
				CLANG_WARN_SUSPICIOUS_MOVE = YES;
				CLANG_WARN_UNGUARDED_AVAILABILITY = YES_AGGRESSIVE;
				CLANG_WARN_UNREACHABLE_CODE = YES;
				CLANG_WARN__DUPLICATE_METHOD_MATCH = YES;
				COPY_PHASE_STRIP = NO;
				DEBUG_INFORMATION_FORMAT = dwarf;
				ENABLE_STRICT_OBJC_MSGSEND = YES;
				ENABLE_TESTABILITY = YES;
				GCC_C_LANGUAGE_STANDARD = gnu11;
				GCC_DYNAMIC_NO_PIC = NO;
				GCC_NO_COMMON_BLOCKS = YES;
				GCC_OPTIMIZATION_LEVEL = 0;
				GCC_PREPROCESSOR_DEFINITIONS = (
					"DEBUG=1",
					"$(inherited)",
				);
				GCC_WARN_64_TO_32_BIT_CONVERSION = YES;
				GCC_WARN_ABOUT_RETURN_TYPE = YES_ERROR;
				GCC_WARN_UNDECLARED_SELECTOR = YES;
				GCC_WARN_UNINITIALIZED_AUTOS = YES_AGGRESSIVE;
				GCC_WARN_UNUSED_FUNCTION = YES;
				GCC_WARN_UNUSED_VARIABLE = YES;
				IPHONEOS_DEPLOYMENT_TARGET = 15.2;
				MTL_ENABLE_DEBUG_INFO = INCLUDE_SOURCE;
				MTL_FAST_MATH = YES;
				ONLY_ACTIVE_ARCH = YES;
				SDKROOT = iphoneos;
				SWIFT_ACTIVE_COMPILATION_CONDITIONS = DEBUG;
				SWIFT_OPTIMIZATION_LEVEL = "-Onone";
			};
			name = Debug;
		};
		97A0B06129F88AF7000EB773 /* Release */ = {
			isa = XCBuildConfiguration;
			buildSettings = {
				ALWAYS_SEARCH_USER_PATHS = NO;
				CLANG_ANALYZER_NONNULL = YES;
				CLANG_ANALYZER_NUMBER_OBJECT_CONVERSION = YES_AGGRESSIVE;
				CLANG_CXX_LANGUAGE_STANDARD = "gnu++17";
				CLANG_CXX_LIBRARY = "libc++";
				CLANG_ENABLE_MODULES = YES;
				CLANG_ENABLE_OBJC_ARC = YES;
				CLANG_ENABLE_OBJC_WEAK = YES;
				CLANG_WARN_BLOCK_CAPTURE_AUTORELEASING = YES;
				CLANG_WARN_BOOL_CONVERSION = YES;
				CLANG_WARN_COMMA = YES;
				CLANG_WARN_CONSTANT_CONVERSION = YES;
				CLANG_WARN_DEPRECATED_OBJC_IMPLEMENTATIONS = YES;
				CLANG_WARN_DIRECT_OBJC_ISA_USAGE = YES_ERROR;
				CLANG_WARN_DOCUMENTATION_COMMENTS = YES;
				CLANG_WARN_EMPTY_BODY = YES;
				CLANG_WARN_ENUM_CONVERSION = YES;
				CLANG_WARN_INFINITE_RECURSION = YES;
				CLANG_WARN_INT_CONVERSION = YES;
				CLANG_WARN_NON_LITERAL_NULL_CONVERSION = YES;
				CLANG_WARN_OBJC_IMPLICIT_RETAIN_SELF = YES;
				CLANG_WARN_OBJC_LITERAL_CONVERSION = YES;
				CLANG_WARN_OBJC_ROOT_CLASS = YES_ERROR;
				CLANG_WARN_QUOTED_INCLUDE_IN_FRAMEWORK_HEADER = YES;
				CLANG_WARN_RANGE_LOOP_ANALYSIS = YES;
				CLANG_WARN_STRICT_PROTOTYPES = YES;
				CLANG_WARN_SUSPICIOUS_MOVE = YES;
				CLANG_WARN_UNGUARDED_AVAILABILITY = YES_AGGRESSIVE;
				CLANG_WARN_UNREACHABLE_CODE = YES;
				CLANG_WARN__DUPLICATE_METHOD_MATCH = YES;
				COPY_PHASE_STRIP = NO;
				DEBUG_INFORMATION_FORMAT = "dwarf-with-dsym";
				ENABLE_NS_ASSERTIONS = NO;
				ENABLE_STRICT_OBJC_MSGSEND = YES;
				GCC_C_LANGUAGE_STANDARD = gnu11;
				GCC_NO_COMMON_BLOCKS = YES;
				GCC_WARN_64_TO_32_BIT_CONVERSION = YES;
				GCC_WARN_ABOUT_RETURN_TYPE = YES_ERROR;
				GCC_WARN_UNDECLARED_SELECTOR = YES;
				GCC_WARN_UNINITIALIZED_AUTOS = YES_AGGRESSIVE;
				GCC_WARN_UNUSED_FUNCTION = YES;
				GCC_WARN_UNUSED_VARIABLE = YES;
				IPHONEOS_DEPLOYMENT_TARGET = 15.2;
				MTL_ENABLE_DEBUG_INFO = NO;
				MTL_FAST_MATH = YES;
				SDKROOT = iphoneos;
				SWIFT_COMPILATION_MODE = wholemodule;
				SWIFT_OPTIMIZATION_LEVEL = "-O";
				VALIDATE_PRODUCT = YES;
			};
			name = Release;
		};
		97A0B06329F88AF7000EB773 /* Debug */ = {
			isa = XCBuildConfiguration;
			buildSettings = {
				ASSETCATALOG_COMPILER_APPICON_NAME = AppIcon;
				ASSETCATALOG_COMPILER_GLOBAL_ACCENT_COLOR_NAME = AccentColor;
				CODE_SIGN_STYLE = Automatic;
				CURRENT_PROJECT_VERSION = 1;
				GENERATE_INFOPLIST_FILE = YES;
				INFOPLIST_FILE = Habitual/Info.plist;
				INFOPLIST_KEY_UIApplicationSupportsIndirectInputEvents = YES;
				INFOPLIST_KEY_UILaunchStoryboardName = LaunchScreen;
				INFOPLIST_KEY_UISupportedInterfaceOrientations_iPad = "UIInterfaceOrientationPortrait UIInterfaceOrientationPortraitUpsideDown UIInterfaceOrientationLandscapeLeft UIInterfaceOrientationLandscapeRight";
				INFOPLIST_KEY_UISupportedInterfaceOrientations_iPhone = "UIInterfaceOrientationPortrait UIInterfaceOrientationLandscapeLeft UIInterfaceOrientationLandscapeRight";
				LD_RUNPATH_SEARCH_PATHS = (
					"$(inherited)",
					"@executable_path/Frameworks",
				);
				MARKETING_VERSION = 1.0;
				PRODUCT_BUNDLE_IDENTIFIER = ACS.Habitual;
				PRODUCT_NAME = "$(TARGET_NAME)";
				SWIFT_EMIT_LOC_STRINGS = YES;
				SWIFT_VERSION = 5.0;
				TARGETED_DEVICE_FAMILY = "1,2";
			};
			name = Debug;
		};
		97A0B06429F88AF7000EB773 /* Release */ = {
			isa = XCBuildConfiguration;
			buildSettings = {
				ASSETCATALOG_COMPILER_APPICON_NAME = AppIcon;
				ASSETCATALOG_COMPILER_GLOBAL_ACCENT_COLOR_NAME = AccentColor;
				CODE_SIGN_STYLE = Automatic;
				CURRENT_PROJECT_VERSION = 1;
				GENERATE_INFOPLIST_FILE = YES;
				INFOPLIST_FILE = Habitual/Info.plist;
				INFOPLIST_KEY_UIApplicationSupportsIndirectInputEvents = YES;
				INFOPLIST_KEY_UILaunchStoryboardName = LaunchScreen;
				INFOPLIST_KEY_UISupportedInterfaceOrientations_iPad = "UIInterfaceOrientationPortrait UIInterfaceOrientationPortraitUpsideDown UIInterfaceOrientationLandscapeLeft UIInterfaceOrientationLandscapeRight";
				INFOPLIST_KEY_UISupportedInterfaceOrientations_iPhone = "UIInterfaceOrientationPortrait UIInterfaceOrientationLandscapeLeft UIInterfaceOrientationLandscapeRight";
				LD_RUNPATH_SEARCH_PATHS = (
					"$(inherited)",
					"@executable_path/Frameworks",
				);
				MARKETING_VERSION = 1.0;
				PRODUCT_BUNDLE_IDENTIFIER = ACS.Habitual;
				PRODUCT_NAME = "$(TARGET_NAME)";
				SWIFT_EMIT_LOC_STRINGS = YES;
				SWIFT_VERSION = 5.0;
				TARGETED_DEVICE_FAMILY = "1,2";
			};
			name = Release;
		};
/* End XCBuildConfiguration section */

/* Begin XCConfigurationList section */
		97A0B04929F88AF6000EB773 /* Build configuration list for PBXProject "Habitual" */ = {
			isa = XCConfigurationList;
			buildConfigurations = (
				97A0B06029F88AF7000EB773 /* Debug */,
				97A0B06129F88AF7000EB773 /* Release */,
			);
			defaultConfigurationIsVisible = 0;
			defaultConfigurationName = Release;
		};
		97A0B06229F88AF7000EB773 /* Build configuration list for PBXNativeTarget "Habitual" */ = {
			isa = XCConfigurationList;
			buildConfigurations = (
				97A0B06329F88AF7000EB773 /* Debug */,
				97A0B06429F88AF7000EB773 /* Release */,
			);
			defaultConfigurationIsVisible = 0;
			defaultConfigurationName = Release;
		};
/* End XCConfigurationList section */
	};
	rootObject = 97A0B04629F88AF6000EB773 /* Project object */;
}
